
Microsoft Visual Studio Solution File, Format Version 12.00
# Visual Studio Version 16
VisualStudioVersion = 16.0.29111.141
MinimumVisualStudioVersion = 10.0.40219.1
Project("{FAE04EC0-301F-11D3-BF4B-00C04F79EFBC}") = "Monte Carlo Simulation", "Monte Carlo Simulation.csproj", "{09051C79-7E33-4C9F-87FB-562147ABA84F}"
EndProject
Global
	GlobalSection(SolutionConfigurationPlatforms) = preSolution
		Debug|Any CPU = Debug|Any CPU
		Release|Any CPU = Release|Any CPU
	EndGlobalSection
	GlobalSection(ProjectConfigurationPlatforms) = postSolution
		{09051C79-7E33-4C9F-87FB-562147ABA84F}.Debug|Any CPU.ActiveCfg = Debug|Any CPU
		{09051C79-7E33-4C9F-87FB-562147ABA84F}.Debug|Any CPU.Build.0 = Debug|Any CPU
		{09051C79-7E33-4C9F-87FB-562147ABA84F}.Release|Any CPU.ActiveCfg = Release|Any CPU
		{09051C79-7E33-4C9F-87FB-562147ABA84F}.Release|Any CPU.Build.0 = Release|Any CPU
	EndGlobalSection
	GlobalSection(SolutionProperties) = preSolution
		HideSolutionNode = FALSE
	EndGlobalSection
	GlobalSection(ExtensibilityGlobals) = postSolution
		SolutionGuid = {8BDBC950-05AE-4CC3-8111-0D67F71395F1}
	EndGlobalSection
EndGlobal
